
Microsoft Visual Studio Solution File, Format Version 12.00
# Visual Studio Version 17
VisualStudioVersion = 17.6.33417.168
MinimumVisualStudioVersion = 10.0.40219.1
Project("{9A19103F-16F7-4668-BE54-9A1E7A4F7556}") = "ApiGateway", "ApiGateway\ApiGateway.csproj", "{FF1AB990-79C3-4F4D-B70E-A0B7B7F8FE09}"
EndProject
Project("{E53339B2-1760-4266-BCC7-CA923CBCF16C}") = "docker-compose", "docker-compose.dcproj", "{2C3C7FB5-6AEA-4CBE-B70C-0C53C103E379}"
EndProject
Project("{2150E333-8FDC-42A3-9474-1A3956D46DE8}") = "API", "API", "{52236B85-44FC-4AFD-A676-AA77A4674C36}"
EndProject
Project("{9A19103F-16F7-4668-BE54-9A1E7A4F7556}") = "Crosscutting", "Crosscutting\Crosscutting.csproj", "{1ADFCD87-D20C-46CC-8C46-4092A12EAFB8}"
EndProject
Project("{2150E333-8FDC-42A3-9474-1A3956D46DE8}") = "Auth", "Auth", "{730887C1-B261-4F24-9DA2-54D231A11DDD}"
EndProject
Project("{9A19103F-16F7-4668-BE54-9A1E7A4F7556}") = "API.Auth", "API.Auth\API.Auth.csproj", "{36BFDD52-14E5-4C13-9AAD-CD935190301B}"
EndProject
Project("{2150E333-8FDC-42A3-9474-1A3956D46DE8}") = "Features", "Features", "{EBE14867-2369-44B0-AF1F-004B16A98986}"
EndProject
Project("{2150E333-8FDC-42A3-9474-1A3956D46DE8}") = "Auth", "Auth", "{4AB29C2D-A0F4-411C-9BB7-E8EE4A22CCC8}"
EndProject
Project("{9A19103F-16F7-4668-BE54-9A1E7A4F7556}") = "Auth.Application", "Auth.Application\Auth.Application.csproj", "{3D481436-A224-4FA1-9E38-2FAFAA0E0D8C}"
EndProject
Project("{9A19103F-16F7-4668-BE54-9A1E7A4F7556}") = "Auth.Domain", "Auth.Domain\Auth.Domain.csproj", "{1F25208D-8115-4796-8571-C6D1D8FE7A66}"
EndProject
Project("{9A19103F-16F7-4668-BE54-9A1E7A4F7556}") = "Auth.Infrastructure", "Auth.Infrastructure\Auth.Infrastructure.csproj", "{3E30474F-3BC9-4126-A710-7717F01A5072}"
EndProject
Project("{2150E333-8FDC-42A3-9474-1A3956D46DE8}") = "DiscordBot", "DiscordBot", "{787B19F9-1AE9-4D15-BBAB-3618852E4810}"
EndProject
Project("{9A19103F-16F7-4668-BE54-9A1E7A4F7556}") = "DiscordBot.Application", "DiscordBot.Application\DiscordBot.Application.csproj", "{01C39327-7493-497B-998C-4FD6126A3FCF}"
EndProject
Project("{9A19103F-16F7-4668-BE54-9A1E7A4F7556}") = "DiscordBot.Domain", "DiscordBot.Domain\DiscordBot.Domain.csproj", "{A7E69DC2-FE88-4FE5-8624-B77D78E8C1E4}"
EndProject
Project("{9A19103F-16F7-4668-BE54-9A1E7A4F7556}") = "DiscordBot.Infrastructure", "DiscordBot.Infrastructure\DiscordBot.Infrastructure.csproj", "{9FF43A2F-4F13-4C32-AA36-F1537F728F8C}"
EndProject
Project("{2150E333-8FDC-42A3-9474-1A3956D46DE8}") = "DiscordBot", "DiscordBot", "{D28051B1-F082-4692-AA0E-33E100E27D61}"
EndProject
Project("{9A19103F-16F7-4668-BE54-9A1E7A4F7556}") = "API.DiscordBot", "API.DiscordBot\API.DiscordBot.csproj", "{4B3843C1-C254-485F-A1E6-2D4E84625B00}"
EndProject
Project("{2150E333-8FDC-42A3-9474-1A3956D46DE8}") = "Databases", "Databases", "{4E7F8963-CCB2-44C1-AF4E-3CB3E30885AA}"
EndProject
Project("{2150E333-8FDC-42A3-9474-1A3956D46DE8}") = "Discord-Bot", "Discord-Bot", "{9413011F-81EC-45E7-B6BD-641ADC1A30F1}"
EndProject
Project("{9A19103F-16F7-4668-BE54-9A1E7A4F7556}") = "BoundBot", "BoundBot\BoundBot.csproj", "{F1DB3B69-7E50-40E6-AA37-A04ADC6DF26E}"
EndProject
Project("{9A19103F-16F7-4668-BE54-9A1E7A4F7556}") = "Auth.Database", "Auth.Database\Auth.Database.csproj", "{5AFE16B6-3FA6-4329-A467-E67853DE7F7A}"
EndProject
Project("{2150E333-8FDC-42A3-9474-1A3956D46DE8}") = "Brokers", "Brokers", "{4A8DF047-A977-4699-98BC-B929650AB544}"
EndProject
Project("{9A19103F-16F7-4668-BE54-9A1E7A4F7556}") = "Broker", "KafkaBroker\Broker.csproj", "{2FB19DEC-1F07-42EC-8D39-9E4329BE103B}"
EndProject
Project("{2150E333-8FDC-42A3-9474-1A3956D46DE8}") = "HostServices", "HostServices", "{C58B2774-CBC4-4CC7-AE46-5F1D6D41C4F7}"
EndProject
Project("{9A19103F-16F7-4668-BE54-9A1E7A4F7556}") = "DbCleanupService", "DbCleanupService\DbCleanupService.csproj", "{E23BCF7F-7ED9-4D88-9F9F-1BBDF9FD8E5A}"
EndProject
Project("{2150E333-8FDC-42A3-9474-1A3956D46DE8}") = "InBound", "InBound", "{D0B41789-14A0-4875-A11A-C9A149D2849D}"
EndProject
Project("{2150E333-8FDC-42A3-9474-1A3956D46DE8}") = "Outbound", "Outbound", "{06126CA2-E7A3-40A8-A54B-0820AAA5E39A}"
EndProject
Project("{2150E333-8FDC-42A3-9474-1A3956D46DE8}") = "Producer", "Producer", "{AB8B6D98-0D88-4A51-B394-6EDA9482A365}"
EndProject
Project("{2150E333-8FDC-42A3-9474-1A3956D46DE8}") = "Consumer", "Consumer", "{1E1A6715-591E-484B-A39B-4AD70073F9B8}"
EndProject
Project("{2150E333-8FDC-42A3-9474-1A3956D46DE8}") = "Discord.Net", "Discord.Net", "{D175A12E-2DEC-4E83-8A14-58D3A77CD44A}"
EndProject
Project("{9A19103F-16F7-4668-BE54-9A1E7A4F7556}") = "DiscordNetConsumers", "DiscordNetConsumers\DiscordNetConsumers.csproj", "{8F976E74-6C27-4986-B0AE-44D1A30C49E6}"
EndProject
Global
	GlobalSection(SolutionConfigurationPlatforms) = preSolution
		Debug|Any CPU = Debug|Any CPU
		Release|Any CPU = Release|Any CPU
	EndGlobalSection
	GlobalSection(ProjectConfigurationPlatforms) = postSolution
		{FF1AB990-79C3-4F4D-B70E-A0B7B7F8FE09}.Debug|Any CPU.ActiveCfg = Debug|Any CPU
		{FF1AB990-79C3-4F4D-B70E-A0B7B7F8FE09}.Debug|Any CPU.Build.0 = Debug|Any CPU
		{FF1AB990-79C3-4F4D-B70E-A0B7B7F8FE09}.Release|Any CPU.ActiveCfg = Release|Any CPU
		{FF1AB990-79C3-4F4D-B70E-A0B7B7F8FE09}.Release|Any CPU.Build.0 = Release|Any CPU
		{2C3C7FB5-6AEA-4CBE-B70C-0C53C103E379}.Debug|Any CPU.ActiveCfg = Debug|Any CPU
		{2C3C7FB5-6AEA-4CBE-B70C-0C53C103E379}.Debug|Any CPU.Build.0 = Debug|Any CPU
		{2C3C7FB5-6AEA-4CBE-B70C-0C53C103E379}.Release|Any CPU.ActiveCfg = Debug|Any CPU
		{2C3C7FB5-6AEA-4CBE-B70C-0C53C103E379}.Release|Any CPU.Build.0 = Debug|Any CPU
		{1ADFCD87-D20C-46CC-8C46-4092A12EAFB8}.Debug|Any CPU.ActiveCfg = Debug|Any CPU
		{1ADFCD87-D20C-46CC-8C46-4092A12EAFB8}.Debug|Any CPU.Build.0 = Debug|Any CPU
		{1ADFCD87-D20C-46CC-8C46-4092A12EAFB8}.Release|Any CPU.ActiveCfg = Release|Any CPU
		{1ADFCD87-D20C-46CC-8C46-4092A12EAFB8}.Release|Any CPU.Build.0 = Release|Any CPU
		{36BFDD52-14E5-4C13-9AAD-CD935190301B}.Debug|Any CPU.ActiveCfg = Debug|Any CPU
		{36BFDD52-14E5-4C13-9AAD-CD935190301B}.Debug|Any CPU.Build.0 = Debug|Any CPU
		{36BFDD52-14E5-4C13-9AAD-CD935190301B}.Release|Any CPU.ActiveCfg = Release|Any CPU
		{36BFDD52-14E5-4C13-9AAD-CD935190301B}.Release|Any CPU.Build.0 = Release|Any CPU
		{3D481436-A224-4FA1-9E38-2FAFAA0E0D8C}.Debug|Any CPU.ActiveCfg = Debug|Any CPU
		{3D481436-A224-4FA1-9E38-2FAFAA0E0D8C}.Debug|Any CPU.Build.0 = Debug|Any CPU
		{3D481436-A224-4FA1-9E38-2FAFAA0E0D8C}.Release|Any CPU.ActiveCfg = Release|Any CPU
		{3D481436-A224-4FA1-9E38-2FAFAA0E0D8C}.Release|Any CPU.Build.0 = Release|Any CPU
		{1F25208D-8115-4796-8571-C6D1D8FE7A66}.Debug|Any CPU.ActiveCfg = Debug|Any CPU
		{1F25208D-8115-4796-8571-C6D1D8FE7A66}.Debug|Any CPU.Build.0 = Debug|Any CPU
		{1F25208D-8115-4796-8571-C6D1D8FE7A66}.Release|Any CPU.ActiveCfg = Release|Any CPU
		{1F25208D-8115-4796-8571-C6D1D8FE7A66}.Release|Any CPU.Build.0 = Release|Any CPU
		{3E30474F-3BC9-4126-A710-7717F01A5072}.Debug|Any CPU.ActiveCfg = Debug|Any CPU
		{3E30474F-3BC9-4126-A710-7717F01A5072}.Debug|Any CPU.Build.0 = Debug|Any CPU
		{3E30474F-3BC9-4126-A710-7717F01A5072}.Release|Any CPU.ActiveCfg = Release|Any CPU
		{3E30474F-3BC9-4126-A710-7717F01A5072}.Release|Any CPU.Build.0 = Release|Any CPU
		{01C39327-7493-497B-998C-4FD6126A3FCF}.Debug|Any CPU.ActiveCfg = Debug|Any CPU
		{01C39327-7493-497B-998C-4FD6126A3FCF}.Debug|Any CPU.Build.0 = Debug|Any CPU
		{01C39327-7493-497B-998C-4FD6126A3FCF}.Release|Any CPU.ActiveCfg = Release|Any CPU
		{01C39327-7493-497B-998C-4FD6126A3FCF}.Release|Any CPU.Build.0 = Release|Any CPU
		{A7E69DC2-FE88-4FE5-8624-B77D78E8C1E4}.Debug|Any CPU.ActiveCfg = Debug|Any CPU
		{A7E69DC2-FE88-4FE5-8624-B77D78E8C1E4}.Debug|Any CPU.Build.0 = Debug|Any CPU
		{A7E69DC2-FE88-4FE5-8624-B77D78E8C1E4}.Release|Any CPU.ActiveCfg = Release|Any CPU
		{A7E69DC2-FE88-4FE5-8624-B77D78E8C1E4}.Release|Any CPU.Build.0 = Release|Any CPU
		{9FF43A2F-4F13-4C32-AA36-F1537F728F8C}.Debug|Any CPU.ActiveCfg = Debug|Any CPU
		{9FF43A2F-4F13-4C32-AA36-F1537F728F8C}.Debug|Any CPU.Build.0 = Debug|Any CPU
		{9FF43A2F-4F13-4C32-AA36-F1537F728F8C}.Release|Any CPU.ActiveCfg = Release|Any CPU
		{9FF43A2F-4F13-4C32-AA36-F1537F728F8C}.Release|Any CPU.Build.0 = Release|Any CPU
		{4B3843C1-C254-485F-A1E6-2D4E84625B00}.Debug|Any CPU.ActiveCfg = Debug|Any CPU
		{4B3843C1-C254-485F-A1E6-2D4E84625B00}.Debug|Any CPU.Build.0 = Debug|Any CPU
		{4B3843C1-C254-485F-A1E6-2D4E84625B00}.Release|Any CPU.ActiveCfg = Release|Any CPU
		{4B3843C1-C254-485F-A1E6-2D4E84625B00}.Release|Any CPU.Build.0 = Release|Any CPU
		{F1DB3B69-7E50-40E6-AA37-A04ADC6DF26E}.Debug|Any CPU.ActiveCfg = Debug|Any CPU
		{F1DB3B69-7E50-40E6-AA37-A04ADC6DF26E}.Debug|Any CPU.Build.0 = Debug|Any CPU
		{F1DB3B69-7E50-40E6-AA37-A04ADC6DF26E}.Release|Any CPU.ActiveCfg = Release|Any CPU
		{F1DB3B69-7E50-40E6-AA37-A04ADC6DF26E}.Release|Any CPU.Build.0 = Release|Any CPU
		{5AFE16B6-3FA6-4329-A467-E67853DE7F7A}.Debug|Any CPU.ActiveCfg = Debug|Any CPU
		{5AFE16B6-3FA6-4329-A467-E67853DE7F7A}.Debug|Any CPU.Build.0 = Debug|Any CPU
		{5AFE16B6-3FA6-4329-A467-E67853DE7F7A}.Release|Any CPU.ActiveCfg = Release|Any CPU
		{5AFE16B6-3FA6-4329-A467-E67853DE7F7A}.Release|Any CPU.Build.0 = Release|Any CPU
		{2FB19DEC-1F07-42EC-8D39-9E4329BE103B}.Debug|Any CPU.ActiveCfg = Debug|Any CPU
		{2FB19DEC-1F07-42EC-8D39-9E4329BE103B}.Debug|Any CPU.Build.0 = Debug|Any CPU
		{2FB19DEC-1F07-42EC-8D39-9E4329BE103B}.Release|Any CPU.ActiveCfg = Release|Any CPU
		{2FB19DEC-1F07-42EC-8D39-9E4329BE103B}.Release|Any CPU.Build.0 = Release|Any CPU
		{E23BCF7F-7ED9-4D88-9F9F-1BBDF9FD8E5A}.Debug|Any CPU.ActiveCfg = Debug|Any CPU
		{E23BCF7F-7ED9-4D88-9F9F-1BBDF9FD8E5A}.Debug|Any CPU.Build.0 = Debug|Any CPU
		{E23BCF7F-7ED9-4D88-9F9F-1BBDF9FD8E5A}.Release|Any CPU.ActiveCfg = Release|Any CPU
		{E23BCF7F-7ED9-4D88-9F9F-1BBDF9FD8E5A}.Release|Any CPU.Build.0 = Release|Any CPU
		{8F976E74-6C27-4986-B0AE-44D1A30C49E6}.Debug|Any CPU.ActiveCfg = Debug|Any CPU
		{8F976E74-6C27-4986-B0AE-44D1A30C49E6}.Debug|Any CPU.Build.0 = Debug|Any CPU
		{8F976E74-6C27-4986-B0AE-44D1A30C49E6}.Release|Any CPU.ActiveCfg = Release|Any CPU
		{8F976E74-6C27-4986-B0AE-44D1A30C49E6}.Release|Any CPU.Build.0 = Release|Any CPU
	EndGlobalSection
	GlobalSection(SolutionProperties) = preSolution
		HideSolutionNode = FALSE
	EndGlobalSection
	GlobalSection(NestedProjects) = preSolution
		{FF1AB990-79C3-4F4D-B70E-A0B7B7F8FE09} = {52236B85-44FC-4AFD-A676-AA77A4674C36}
		{52236B85-44FC-4AFD-A676-AA77A4674C36} = {D0B41789-14A0-4875-A11A-C9A149D2849D}
		{730887C1-B261-4F24-9DA2-54D231A11DDD} = {52236B85-44FC-4AFD-A676-AA77A4674C36}
		{36BFDD52-14E5-4C13-9AAD-CD935190301B} = {730887C1-B261-4F24-9DA2-54D231A11DDD}
		{4AB29C2D-A0F4-411C-9BB7-E8EE4A22CCC8} = {EBE14867-2369-44B0-AF1F-004B16A98986}
		{3D481436-A224-4FA1-9E38-2FAFAA0E0D8C} = {4AB29C2D-A0F4-411C-9BB7-E8EE4A22CCC8}
		{1F25208D-8115-4796-8571-C6D1D8FE7A66} = {4AB29C2D-A0F4-411C-9BB7-E8EE4A22CCC8}
		{3E30474F-3BC9-4126-A710-7717F01A5072} = {4AB29C2D-A0F4-411C-9BB7-E8EE4A22CCC8}
		{787B19F9-1AE9-4D15-BBAB-3618852E4810} = {EBE14867-2369-44B0-AF1F-004B16A98986}
		{01C39327-7493-497B-998C-4FD6126A3FCF} = {787B19F9-1AE9-4D15-BBAB-3618852E4810}
		{A7E69DC2-FE88-4FE5-8624-B77D78E8C1E4} = {787B19F9-1AE9-4D15-BBAB-3618852E4810}
		{9FF43A2F-4F13-4C32-AA36-F1537F728F8C} = {787B19F9-1AE9-4D15-BBAB-3618852E4810}
		{D28051B1-F082-4692-AA0E-33E100E27D61} = {52236B85-44FC-4AFD-A676-AA77A4674C36}
		{4B3843C1-C254-485F-A1E6-2D4E84625B00} = {D28051B1-F082-4692-AA0E-33E100E27D61}
		{F1DB3B69-7E50-40E6-AA37-A04ADC6DF26E} = {9413011F-81EC-45E7-B6BD-641ADC1A30F1}
		{5AFE16B6-3FA6-4329-A467-E67853DE7F7A} = {4E7F8963-CCB2-44C1-AF4E-3CB3E30885AA}
		{2FB19DEC-1F07-42EC-8D39-9E4329BE103B} = {4A8DF047-A977-4699-98BC-B929650AB544}
		{E23BCF7F-7ED9-4D88-9F9F-1BBDF9FD8E5A} = {C58B2774-CBC4-4CC7-AE46-5F1D6D41C4F7}
		{AB8B6D98-0D88-4A51-B394-6EDA9482A365} = {06126CA2-E7A3-40A8-A54B-0820AAA5E39A}
		{1E1A6715-591E-484B-A39B-4AD70073F9B8} = {D0B41789-14A0-4875-A11A-C9A149D2849D}
		{D175A12E-2DEC-4E83-8A14-58D3A77CD44A} = {AB8B6D98-0D88-4A51-B394-6EDA9482A365}
		{8F976E74-6C27-4986-B0AE-44D1A30C49E6} = {1E1A6715-591E-484B-A39B-4AD70073F9B8}
	EndGlobalSection
	GlobalSection(ExtensibilityGlobals) = postSolution
		SolutionGuid = {CE416F04-8216-4705-B608-C1C8307CA0F1}
	EndGlobalSection
EndGlobal
